
Microsoft Visual Studio Solution File, Format Version 12.00
# Visual Studio 2015
Project("{FAE04EC0-301F-11D3-BF4B-00C04F79EFBC}") = "Monastery.CSharp", "Monastery.CSharp.csproj", "{A3323D85-CB98-3D2C-F5C7-E14894114C0C}"
EndProject
Global
	GlobalSection(SolutionConfigurationPlatforms) = preSolution
		Debug|Any CPU = Debug|Any CPU
		Release|Any CPU = Release|Any CPU
	EndGlobalSection
	GlobalSection(ProjectConfigurationPlatforms) = postSolution
		{A3323D85-CB98-3D2C-F5C7-E14894114C0C}.Debug|Any CPU.ActiveCfg = Debug|Any CPU
		{A3323D85-CB98-3D2C-F5C7-E14894114C0C}.Debug|Any CPU.Build.0 = Debug|Any CPU
		{A3323D85-CB98-3D2C-F5C7-E14894114C0C}.Release|Any CPU.ActiveCfg = Release|Any CPU
		{A3323D85-CB98-3D2C-F5C7-E14894114C0C}.Release|Any CPU.Build.0 = Release|Any CPU
	EndGlobalSection
	GlobalSection(SolutionProperties) = preSolution
		HideSolutionNode = FALSE
	EndGlobalSection
EndGlobal
